
Microsoft Visual Studio Solution File, Format Version 12.00
# Visual Studio 15
Project("{FAE04EC0-301F-11D3-BF4B-00C04F79EFBC}") = "FakeConsult", "FakeConsult\FakeConsult.csproj", "{C892C86A-ECA6-4FEF-BEAA-7DD6372B9B26}"
EndProject
Project("{FAE04EC0-301F-11D3-BF4B-00C04F79EFBC}") = "Driver", "Driver\Driver.csproj", "{49B9F8EA-2124-4AA2-AFAA-1659478BDB5A}"
EndProject
Global
	GlobalSection(SolutionConfigurationPlatforms) = preSolution
		Debug|Any CPU = Debug|Any CPU
		Release|Any CPU = Release|Any CPU
	EndGlobalSection
	GlobalSection(ProjectConfigurationPlatforms) = postSolution
		{C892C86A-ECA6-4FEF-BEAA-7DD6372B9B26}.Debug|Any CPU.ActiveCfg = Debug|Any CPU
		{C892C86A-ECA6-4FEF-BEAA-7DD6372B9B26}.Debug|Any CPU.Build.0 = Debug|Any CPU
		{C892C86A-ECA6-4FEF-BEAA-7DD6372B9B26}.Release|Any CPU.ActiveCfg = Release|Any CPU
		{C892C86A-ECA6-4FEF-BEAA-7DD6372B9B26}.Release|Any CPU.Build.0 = Release|Any CPU
		{49B9F8EA-2124-4AA2-AFAA-1659478BDB5A}.Debug|Any CPU.ActiveCfg = Debug|Any CPU
		{49B9F8EA-2124-4AA2-AFAA-1659478BDB5A}.Debug|Any CPU.Build.0 = Debug|Any CPU
		{49B9F8EA-2124-4AA2-AFAA-1659478BDB5A}.Release|Any CPU.ActiveCfg = Release|Any CPU
		{49B9F8EA-2124-4AA2-AFAA-1659478BDB5A}.Release|Any CPU.Build.0 = Release|Any CPU
	EndGlobalSection
EndGlobal
